# This file was autogenerated by Stack.
# You should not edit this file by hand.
# For more information, please see the documentation at:
#   https://docs.haskellstack.org/en/stable/lock_files

packages:
- completed:
    subdir: persistent
    name: persistent
    version: 2.12.0.0
    git: https://github.com/YesodWeb/persistent.git
    pantry-tree:
      size: 2099
      sha256: aa8e5f88e8b0a5436bb11f5776e252286700957b1985527262ed8212252fcd73
    commit: 332f0a6b454ec0cf860dbf0d8e737a291b4d429a
  original:
    subdir: persistent
    git: https://github.com/YesodWeb/persistent.git
    commit: 332f0a6b454ec0cf860dbf0d8e737a291b4d429a
- completed:
    subdir: persistent-postgresql
    name: persistent-postgresql
    version: 2.12.0.0
    git: https://github.com/YesodWeb/persistent.git
    pantry-tree:
      size: 907
      sha256: bb67aff6ebfaf26d9946ecc06ec428bdcc75bbd4b63759de1953dbf068201d3c
    commit: 332f0a6b454ec0cf860dbf0d8e737a291b4d429a
  original:
    subdir: persistent-postgresql
    git: https://github.com/YesodWeb/persistent.git
    commit: 332f0a6b454ec0cf860dbf0d8e737a291b4d429a
snapshots:
- completed:
    size: 568885
    url: https://raw.githubusercontent.com/commercialhaskell/stackage-snapshots/master/nightly/2021/3/5.yaml
    sha256: 2bfb65eeb1e40d579f2d86a9631c51adf1e30c5b7013c7c584da674a6027dc21
  original: nightly-2021-03-05
